// !$*UTF8*$!
{
	archiveVersion = 1;
	classes = {
	};
	objectVersion = 77;
	objects = {

/* Begin PBXBuildFile section */
		917F94DD2FDC5CD400B00A91 /* TemplateView.swift in Sources */ = {isa = PBXBuildFile; fileRef = 917F94DC2FDC5CD400B00A91 /* TemplateView.swift */; };
		EE8DB0732FDEB8AF00C68B55 /* Curves1.swift in Sources */ = {isa = PBXBuildFile; fileRef = EE8DB0722FDEB8AF00C68B55 /* Curves1.swift */; };
		EE9DA0B82FDBFB6E00A2C50E /* Assets.xcassets in Resources */ = {isa = PBXBuildFile; fileRef = EE9DA0B42FDBFB6E00A2C50E /* Assets.xcassets */; };
		EE9DA0B92FDBFB6E00A2C50E /* ContentView.swift in Sources */ = {isa = PBXBuildFile; fileRef = EE9DA0B52FDBFB6E00A2C50E /* ContentView.swift */; };
		EE9DA0BA2FDBFB6E00A2C50E /* SWAnimationApp.swift in Sources */ = {isa = PBXBuildFile; fileRef = EE9DA0B62FDBFB6E00A2C50E /* SWAnimationApp.swift */; };
		EEAB4B722FDEA5B900C4145B /* Intro1.swift in Sources */ = {isa = PBXBuildFile; fileRef = EEAB4B712FDEA5B900C4145B /* Intro1.swift */; };
		EED2C2402FDCED2E00345AEB /* PurpleButton.swift in Sources */ = {isa = PBXBuildFile; fileRef = EED2C23F2FDCED2E00345AEB /* PurpleButton.swift */; };
/* End PBXBuildFile section */

/* Begin PBXFileReference section */
		917F94DC2FDC5CD400B00A91 /* TemplateView.swift */ = {isa = PBXFileReference; lastKnownFileType = sourcecode.swift; path = TemplateView.swift; sourceTree = "<group>"; };
		EE8DB0722FDEB8AF00C68B55 /* Curves1.swift */ = {isa = PBXFileReference; lastKnownFileType = sourcecode.swift; path = Curves1.swift; sourceTree = "<group>"; };
		EE9DA0A62FDBFB3D00A2C50E /* SWAnimation.app */ = {isa = PBXFileReference; explicitFileType = wrapper.application; includeInIndex = 0; path = SWAnimation.app; sourceTree = BUILT_PRODUCTS_DIR; };
		EE9DA0B42FDBFB6E00A2C50E /* Assets.xcassets */ = {isa = PBXFileReference; lastKnownFileType = folder.assetcatalog; path = Assets.xcassets; sourceTree = "<group>"; };
		EE9DA0B52FDBFB6E00A2C50E /* ContentView.swift */ = {isa = PBXFileReference; lastKnownFileType = sourcecode.swift; path = ContentView.swift; sourceTree = "<group>"; };
		EE9DA0B62FDBFB6E00A2C50E /* SWAnimationApp.swift */ = {isa = PBXFileReference; lastKnownFileType = sourcecode.swift; path = SWAnimationApp.swift; sourceTree = "<group>"; };
		EEAB4B712FDEA5B900C4145B /* Intro1.swift */ = {isa = PBXFileReference; lastKnownFileType = sourcecode.swift; path = Intro1.swift; sourceTree = "<group>"; };
		EED2C23F2FDCED2E00345AEB /* PurpleButton.swift */ = {isa = PBXFileReference; lastKnownFileType = sourcecode.swift; path = PurpleButton.swift; sourceTree = "<group>"; };
/* End PBXFileReference section */

/* Begin PBXFrameworksBuildPhase section */
		EE9DA0A32FDBFB3D00A2C50E /* Frameworks */ = {
			isa = PBXFrameworksBuildPhase;
			buildActionMask = 2147483647;
			files = (
			);
			runOnlyForDeploymentPostprocessing = 0;
		};
/* End PBXFrameworksBuildPhase section */

/* Begin PBXGroup section */
		917F94D82FDC5C6A00B00A91 /* 00_ APP */ = {
			isa = PBXGroup;
			children = (
				EE9DA0B52FDBFB6E00A2C50E /* ContentView.swift */,
				EE9DA0B62FDBFB6E00A2C50E /* SWAnimationApp.swift */,
				917F94DC2FDC5CD400B00A91 /* TemplateView.swift */,
				EED2C23F2FDCED2E00345AEB /* PurpleButton.swift */,
			);
			path = "00_ APP";
			sourceTree = "<group>";
		};
		EE9DA09D2FDBFB3D00A2C50E = {
			isa = PBXGroup;
			children = (
				EE9DA0B72FDBFB6E00A2C50E /* SWAnimation */,
				EE9DA0A72FDBFB3D00A2C50E /* Products */,
			);
			sourceTree = "<group>";
		};
		EE9DA0A72FDBFB3D00A2C50E /* Products */ = {
			isa = PBXGroup;
			children = (
				EE9DA0A62FDBFB3D00A2C50E /* SWAnimation.app */,
			);
			name = Products;
			sourceTree = "<group>";
		};
		EE9DA0B72FDBFB6E00A2C50E /* SWAnimation */ = {
			isa = PBXGroup;
			children = (
				EE9DA0B42FDBFB6E00A2C50E /* Assets.xcassets */,
				EEAB4B702FDEA59D00C4145B /* 01_Basic */,
				917F94D82FDC5C6A00B00A91 /* 00_ APP */,
			);
			path = SWAnimation;
			sourceTree = "<group>";
		};
		EEAB4B702FDEA59D00C4145B /* 01_Basic */ = {
			isa = PBXGroup;
			children = (
				EEAB4B712FDEA5B900C4145B /* Intro1.swift */,
				EE8DB0722FDEB8AF00C68B55 /* Curves1.swift */,
			);
			path = 01_Basic;
			sourceTree = "<group>";
		};
/* End PBXGroup section */

/* Begin PBXNativeTarget section */
		EE9DA0A52FDBFB3D00A2C50E /* SWAnimation */ = {
			isa = PBXNativeTarget;
			buildConfigurationList = EE9DA0B12FDBFB3E00A2C50E /* Build configuration list for PBXNativeTarget "SWAnimation" */;
			buildPhases = (
				EE9DA0A22FDBFB3D00A2C50E /* Sources */,
				EE9DA0A32FDBFB3D00A2C50E /* Frameworks */,
				EE9DA0A42FDBFB3D00A2C50E /* Resources */,
			);
			buildRules = (
			);
			dependencies = (
			);
			name = SWAnimation;
			packageProductDependencies = (
			);
			productName = SWAnimation;
			productReference = EE9DA0A62FDBFB3D00A2C50E /* SWAnimation.app */;
			productType = "com.apple.product-type.application";
		};
/* End PBXNativeTarget section */

/* Begin PBXProject section */
		EE9DA09E2FDBFB3D00A2C50E /* Project object */ = {
			isa = PBXProject;
			attributes = {
				BuildIndependentTargetsInParallel = 1;
				LastSwiftUpdateCheck = 2650;
				LastUpgradeCheck = 2650;
				TargetAttributes = {
					EE9DA0A52FDBFB3D00A2C50E = {
						CreatedOnToolsVersion = 26.5;
					};
				};
			};
			buildConfigurationList = EE9DA0A12FDBFB3D00A2C50E /* Build configuration list for PBXProject "SWAnimation" */;
			developmentRegion = en;
			hasScannedForEncodings = 0;
			knownRegions = (
				en,
				Base,
			);
			mainGroup = EE9DA09D2FDBFB3D00A2C50E;
			minimizedProjectReferenceProxies = 1;
			preferredProjectObjectVersion = 77;
			productRefGroup = EE9DA0A72FDBFB3D00A2C50E /* Products */;
			projectDirPath = "";
			projectRoot = "";
			targets = (
				EE9DA0A52FDBFB3D00A2C50E /* SWAnimation */,
			);
		};
/* End PBXProject section */

/* Begin PBXResourcesBuildPhase section */
		EE9DA0A42FDBFB3D00A2C50E /* Resources */ = {
			isa = PBXResourcesBuildPhase;
			buildActionMask = 2147483647;
			files = (
				EE9DA0B82FDBFB6E00A2C50E /* Assets.xcassets in Resources */,
			);
			runOnlyForDeploymentPostprocessing = 0;
		};
/* End PBXResourcesBuildPhase section */

/* Begin PBXSourcesBuildPhase section */
		EE9DA0A22FDBFB3D00A2C50E /* Sources */ = {
			isa = PBXSourcesBuildPhase;
			buildActionMask = 2147483647;
			files = (
				EE9DA0B92FDBFB6E00A2C50E /* ContentView.swift in Sources */,
				EED2C2402FDCED2E00345AEB /* PurpleButton.swift in Sources */,
				EE9DA0BA2FDBFB6E00A2C50E /* SWAnimationApp.swift in Sources */,
				EEAB4B722FDEA5B900C4145B /* Intro1.swift in Sources */,
				917F94DD2FDC5CD400B00A91 /* TemplateView.swift in Sources */,
				EE8DB0732FDEB8AF00C68B55 /* Curves1.swift in Sources */,
			);
			runOnlyForDeploymentPostprocessing = 0;
		};
/* End PBXSourcesBuildPhase section */

/* Begin XCBuildConfiguration section */
		EE9DA0AF2FDBFB3E00A2C50E /* Debug */ = {
			isa = XCBuildConfiguration;
			buildSettings = {
				ALWAYS_SEARCH_USER_PATHS = NO;
				ASSETCATALOG_COMPILER_GENERATE_SWIFT_ASSET_SYMBOL_EXTENSIONS = YES;
				CLANG_ANALYZER_NONNULL = YES;
				CLANG_ANALYZER_NUMBER_OBJECT_CONVERSION = YES_AGGRESSIVE;
				CLANG_CXX_LANGUAGE_STANDARD = "gnu++20";
				CLANG_ENABLE_MODULES = YES;
				CLANG_ENABLE_OBJC_ARC = YES;
				CLANG_ENABLE_OBJC_WEAK = YES;
				CLANG_WARN_BLOCK_CAPTURE_AUTORELEASING = YES;
				CLANG_WARN_BOOL_CONVERSION = YES;
				CLANG_WARN_COMMA = YES;
				CLANG_WARN_CONSTANT_CONVERSION = YES;
				CLANG_WARN_DEPRECATED_OBJC_IMPLEMENTATIONS = YES;
				CLANG_WARN_DIRECT_OBJC_ISA_USAGE = YES_ERROR;
				CLANG_WARN_DOCUMENTATION_COMMENTS = YES;
				CLANG_WARN_EMPTY_BODY = YES;
				CLANG_WARN_ENUM_CONVERSION = YES;
				CLANG_WARN_INFINITE_RECURSION = YES;
				CLANG_WARN_INT_CONVERSION = YES;
				CLANG_WARN_NON_LITERAL_NULL_CONVERSION = YES;
				CLANG_WARN_OBJC_IMPLICIT_RETAIN_SELF = YES;
				CLANG_WARN_OBJC_LITERAL_CONVERSION = YES;
				CLANG_WARN_OBJC_ROOT_CLASS = YES_ERROR;
				CLANG_WARN_QUOTED_INCLUDE_IN_FRAMEWORK_HEADER = YES;
				CLANG_WARN_RANGE_LOOP_ANALYSIS = YES;
				CLANG_WARN_STRICT_PROTOTYPES = YES;
				CLANG_WARN_SUSPICIOUS_MOVE = YES;
				CLANG_WARN_UNGUARDED_AVAILABILITY = YES_AGGRESSIVE;
				CLANG_WARN_UNREACHABLE_CODE = YES;
				CLANG_WARN__DUPLICATE_METHOD_MATCH = YES;
				COPY_PHASE_STRIP = NO;
				DEBUG_INFORMATION_FORMAT = dwarf;
				DEVELOPMENT_TEAM = 43Q8PXVYS8;
				ENABLE_STRICT_OBJC_MSGSEND = YES;
				ENABLE_TESTABILITY = YES;
				ENABLE_USER_SCRIPT_SANDBOXING = YES;
				GCC_C_LANGUAGE_STANDARD = gnu17;
				GCC_DYNAMIC_NO_PIC = NO;
				GCC_NO_COMMON_BLOCKS = YES;
				GCC_OPTIMIZATION_LEVEL = 0;
				GCC_PREPROCESSOR_DEFINITIONS = (
					"DEBUG=1",
					"$(inherited)",
				);
				GCC_WARN_64_TO_32_BIT_CONVERSION = YES;
				GCC_WARN_ABOUT_RETURN_TYPE = YES_ERROR;
				GCC_WARN_UNDECLARED_SELECTOR = YES;
				GCC_WARN_UNINITIALIZED_AUTOS = YES_AGGRESSIVE;
				GCC_WARN_UNUSED_FUNCTION = YES;
				GCC_WARN_UNUSED_VARIABLE = YES;
				IPHONEOS_DEPLOYMENT_TARGET = 26.5;
				LOCALIZATION_PREFERS_STRING_CATALOGS = YES;
				MTL_ENABLE_DEBUG_INFO = INCLUDE_SOURCE;
				MTL_FAST_MATH = YES;
				ONLY_ACTIVE_ARCH = YES;
				SDKROOT = iphoneos;
				SWIFT_ACTIVE_COMPILATION_CONDITIONS = "DEBUG $(inherited)";
				SWIFT_OPTIMIZATION_LEVEL = "-Onone";
			};
			name = Debug;
		};
		EE9DA0B02FDBFB3E00A2C50E /* Release */ = {
			isa = XCBuildConfiguration;
			buildSettings = {
				ALWAYS_SEARCH_USER_PATHS = NO;
				ASSETCATALOG_COMPILER_GENERATE_SWIFT_ASSET_SYMBOL_EXTENSIONS = YES;
				CLANG_ANALYZER_NONNULL = YES;
				CLANG_ANALYZER_NUMBER_OBJECT_CONVERSION = YES_AGGRESSIVE;
				CLANG_CXX_LANGUAGE_STANDARD = "gnu++20";
				CLANG_ENABLE_MODULES = YES;
				CLANG_ENABLE_OBJC_ARC = YES;
				CLANG_ENABLE_OBJC_WEAK = YES;
				CLANG_WARN_BLOCK_CAPTURE_AUTORELEASING = YES;
				CLANG_WARN_BOOL_CONVERSION = YES;
				CLANG_WARN_COMMA = YES;
				CLANG_WARN_CONSTANT_CONVERSION = YES;
				CLANG_WARN_DEPRECATED_OBJC_IMPLEMENTATIONS = YES;
				CLANG_WARN_DIRECT_OBJC_ISA_USAGE = YES_ERROR;
				CLANG_WARN_DOCUMENTATION_COMMENTS = YES;
				CLANG_WARN_EMPTY_BODY = YES;
				CLANG_WARN_ENUM_CONVERSION = YES;
				CLANG_WARN_INFINITE_RECURSION = YES;
				CLANG_WARN_INT_CONVERSION = YES;
				CLANG_WARN_NON_LITERAL_NULL_CONVERSION = YES;
				CLANG_WARN_OBJC_IMPLICIT_RETAIN_SELF = YES;
				CLANG_WARN_OBJC_LITERAL_CONVERSION = YES;
				CLANG_WARN_OBJC_ROOT_CLASS = YES_ERROR;
				CLANG_WARN_QUOTED_INCLUDE_IN_FRAMEWORK_HEADER = YES;
				CLANG_WARN_RANGE_LOOP_ANALYSIS = YES;
				CLANG_WARN_STRICT_PROTOTYPES = YES;
				CLANG_WARN_SUSPICIOUS_MOVE = YES;
				CLANG_WARN_UNGUARDED_AVAILABILITY = YES_AGGRESSIVE;
				CLANG_WARN_UNREACHABLE_CODE = YES;
				CLANG_WARN__DUPLICATE_METHOD_MATCH = YES;
				COPY_PHASE_STRIP = NO;
				DEBUG_INFORMATION_FORMAT = "dwarf-with-dsym";
				DEVELOPMENT_TEAM = 43Q8PXVYS8;
				ENABLE_NS_ASSERTIONS = NO;
				ENABLE_STRICT_OBJC_MSGSEND = YES;
				ENABLE_USER_SCRIPT_SANDBOXING = YES;
				GCC_C_LANGUAGE_STANDARD = gnu17;
				GCC_NO_COMMON_BLOCKS = YES;
				GCC_WARN_64_TO_32_BIT_CONVERSION = YES;
				GCC_WARN_ABOUT_RETURN_TYPE = YES_ERROR;
				GCC_WARN_UNDECLARED_SELECTOR = YES;
				GCC_WARN_UNINITIALIZED_AUTOS = YES_AGGRESSIVE;
				GCC_WARN_UNUSED_FUNCTION = YES;
				GCC_WARN_UNUSED_VARIABLE = YES;
				IPHONEOS_DEPLOYMENT_TARGET = 26.5;
				LOCALIZATION_PREFERS_STRING_CATALOGS = YES;
				MTL_ENABLE_DEBUG_INFO = NO;
				MTL_FAST_MATH = YES;
				SDKROOT = iphoneos;
				SWIFT_COMPILATION_MODE = wholemodule;
				VALIDATE_PRODUCT = YES;
			};
			name = Release;
		};
		EE9DA0B22FDBFB3E00A2C50E /* Debug */ = {
			isa = XCBuildConfiguration;
			buildSettings = {
				ASSETCATALOG_COMPILER_APPICON_NAME = AppIcon;
				ASSETCATALOG_COMPILER_GLOBAL_ACCENT_COLOR_NAME = AccentColor;
				CODE_SIGN_STYLE = Automatic;
				CURRENT_PROJECT_VERSION = 1;
				DEVELOPMENT_TEAM = 43Q8PXVYS8;
				ENABLE_PREVIEWS = YES;
				GENERATE_INFOPLIST_FILE = YES;
				INFOPLIST_KEY_UIApplicationSceneManifest_Generation = YES;
				INFOPLIST_KEY_UIApplicationSupportsIndirectInputEvents = YES;
				INFOPLIST_KEY_UILaunchScreen_Generation = YES;
				INFOPLIST_KEY_UISupportedInterfaceOrientations_iPad = "UIInterfaceOrientationPortrait UIInterfaceOrientationPortraitUpsideDown UIInterfaceOrientationLandscapeLeft UIInterfaceOrientationLandscapeRight";
				INFOPLIST_KEY_UISupportedInterfaceOrientations_iPhone = "UIInterfaceOrientationPortrait UIInterfaceOrientationLandscapeLeft UIInterfaceOrientationLandscapeRight";
				LD_RUNPATH_SEARCH_PATHS = (
					"$(inherited)",
					"@executable_path/Frameworks",
				);
				MARKETING_VERSION = 1.0;
				PRODUCT_BUNDLE_IDENTIFIER = com.doyoonkim.SWAnimation;
				PRODUCT_NAME = "$(TARGET_NAME)";
				STRING_CATALOG_GENERATE_SYMBOLS = YES;
				SWIFT_APPROACHABLE_CONCURRENCY = YES;
				SWIFT_DEFAULT_ACTOR_ISOLATION = MainActor;
				SWIFT_EMIT_LOC_STRINGS = YES;
				SWIFT_UPCOMING_FEATURE_MEMBER_IMPORT_VISIBILITY = YES;
				SWIFT_VERSION = 5.0;
				TARGETED_DEVICE_FAMILY = "1,2";
			};
			name = Debug;
		};
		EE9DA0B32FDBFB3E00A2C50E /* Release */ = {
			isa = XCBuildConfiguration;
			buildSettings = {
				ASSETCATALOG_COMPILER_APPICON_NAME = AppIcon;
				ASSETCATALOG_COMPILER_GLOBAL_ACCENT_COLOR_NAME = AccentColor;
				CODE_SIGN_STYLE = Automatic;
				CURRENT_PROJECT_VERSION = 1;
				DEVELOPMENT_TEAM = 43Q8PXVYS8;
				ENABLE_PREVIEWS = YES;
				GENERATE_INFOPLIST_FILE = YES;
				INFOPLIST_KEY_UIApplicationSceneManifest_Generation = YES;
				INFOPLIST_KEY_UIApplicationSupportsIndirectInputEvents = YES;
				INFOPLIST_KEY_UILaunchScreen_Generation = YES;
				INFOPLIST_KEY_UISupportedInterfaceOrientations_iPad = "UIInterfaceOrientationPortrait UIInterfaceOrientationPortraitUpsideDown UIInterfaceOrientationLandscapeLeft UIInterfaceOrientationLandscapeRight";
				INFOPLIST_KEY_UISupportedInterfaceOrientations_iPhone = "UIInterfaceOrientationPortrait UIInterfaceOrientationLandscapeLeft UIInterfaceOrientationLandscapeRight";
				LD_RUNPATH_SEARCH_PATHS = (
					"$(inherited)",
					"@executable_path/Frameworks",
				);
				MARKETING_VERSION = 1.0;
				PRODUCT_BUNDLE_IDENTIFIER = com.doyoonkim.SWAnimation;
				PRODUCT_NAME = "$(TARGET_NAME)";
				STRING_CATALOG_GENERATE_SYMBOLS = YES;
				SWIFT_APPROACHABLE_CONCURRENCY = YES;
				SWIFT_DEFAULT_ACTOR_ISOLATION = MainActor;
				SWIFT_EMIT_LOC_STRINGS = YES;
				SWIFT_UPCOMING_FEATURE_MEMBER_IMPORT_VISIBILITY = YES;
				SWIFT_VERSION = 5.0;
				TARGETED_DEVICE_FAMILY = "1,2";
			};
			name = Release;
		};
/* End XCBuildConfiguration section */

/* Begin XCConfigurationList section */
		EE9DA0A12FDBFB3D00A2C50E /* Build configuration list for PBXProject "SWAnimation" */ = {
			isa = XCConfigurationList;
			buildConfigurations = (
				EE9DA0AF2FDBFB3E00A2C50E /* Debug */,
				EE9DA0B02FDBFB3E00A2C50E /* Release */,
			);
			defaultConfigurationIsVisible = 0;
			defaultConfigurationName = Release;
		};
		EE9DA0B12FDBFB3E00A2C50E /* Build configuration list for PBXNativeTarget "SWAnimation" */ = {
			isa = XCConfigurationList;
			buildConfigurations = (
				EE9DA0B22FDBFB3E00A2C50E /* Debug */,
				EE9DA0B32FDBFB3E00A2C50E /* Release */,
			);
			defaultConfigurationIsVisible = 0;
			defaultConfigurationName = Release;
		};
/* End XCConfigurationList section */
	};
	rootObject = EE9DA09E2FDBFB3D00A2C50E /* Project object */;
}
